
Microsoft Visual Studio Solution File, Format Version 12.00
# Visual Studio Version 17
VisualStudioVersion = 17.8.34330.188
MinimumVisualStudioVersion = 10.0.40219.1
Project("{888888A0-9F3D-457C-B088-3A5042F75D52}") = "PythonApplication8-1", "PythonApplication8-1.pyproj", "{30DA54E1-F591-40FB-A72A-6317981152D2}"
EndProject
Global
	GlobalSection(SolutionConfigurationPlatforms) = preSolution
		Debug|Any CPU = Debug|Any CPU
		Release|Any CPU = Release|Any CPU
	EndGlobalSection
	GlobalSection(ProjectConfigurationPlatforms) = postSolution
		{30DA54E1-F591-40FB-A72A-6317981152D2}.Debug|Any CPU.ActiveCfg = Debug|Any CPU
		{30DA54E1-F591-40FB-A72A-6317981152D2}.Release|Any CPU.ActiveCfg = Release|Any CPU
	EndGlobalSection
	GlobalSection(SolutionProperties) = preSolution
		HideSolutionNode = FALSE
	EndGlobalSection
	GlobalSection(ExtensibilityGlobals) = postSolution
		SolutionGuid = {7E6A450D-E44C-42A8-B19E-FE52B90CFF9C}
	EndGlobalSection
EndGlobal
